Microsoft Visual Studio Solution File, Format Version 12.00
# Visual Studio Version 17
VisualStudioVersion = 17.5.2.0
MinimumVisualStudioVersion = 10.0.40219.1
Project("{FAE04EC0-301F-11D3-BF4B-00C04F79EFBC}") = "gerenciadorRecursos", "gerenciadorRecursos.csproj", "{6261E69E-E2CA-C8C8-2AFE-BD21C7546D24}"
EndProject
Global
	GlobalSection(SolutionConfigurationPlatforms) = preSolution
		Debug|Any CPU = Debug|Any CPU
		Release|Any CPU = Release|Any CPU
	EndGlobalSection
	GlobalSection(ProjectConfigurationPlatforms) = postSolution
		{6261E69E-E2CA-C8C8-2AFE-BD21C7546D24}.Debug|Any CPU.ActiveCfg = Debug|Any CPU
		{6261E69E-E2CA-C8C8-2AFE-BD21C7546D24}.Debug|Any CPU.Build.0 = Debug|Any CPU
		{6261E69E-E2CA-C8C8-2AFE-BD21C7546D24}.Release|Any CPU.ActiveCfg = Release|Any CPU
		{6261E69E-E2CA-C8C8-2AFE-BD21C7546D24}.Release|Any CPU.Build.0 = Release|Any CPU
	EndGlobalSection
	GlobalSection(SolutionProperties) = preSolution
		HideSolutionNode = FALSE
	EndGlobalSection
	GlobalSection(ExtensibilityGlobals) = postSolution
		SolutionGuid = {08C888AE-AFCE-417B-8293-041BC4679831}
	EndGlobalSection
EndGlobal
