Microsoft Visual Studio Solution File, Format Version 12.00
# Visual Studio Version 17
VisualStudioVersion = 17.5.2.0
MinimumVisualStudioVersion = 10.0.40219.1
Project("{FAE04EC0-301F-11D3-BF4B-00C04F79EFBC}") = "interfacevsclasseabs", "interfacevsclasseabs.csproj", "{72CE8D9D-093C-57B1-1F5C-480537CF984B}"
EndProject
Global
	GlobalSection(SolutionConfigurationPlatforms) = preSolution
		Debug|Any CPU = Debug|Any CPU
		Release|Any CPU = Release|Any CPU
	EndGlobalSection
	GlobalSection(ProjectConfigurationPlatforms) = postSolution
		{72CE8D9D-093C-57B1-1F5C-480537CF984B}.Debug|Any CPU.ActiveCfg = Debug|Any CPU
		{72CE8D9D-093C-57B1-1F5C-480537CF984B}.Debug|Any CPU.Build.0 = Debug|Any CPU
		{72CE8D9D-093C-57B1-1F5C-480537CF984B}.Release|Any CPU.ActiveCfg = Release|Any CPU
		{72CE8D9D-093C-57B1-1F5C-480537CF984B}.Release|Any CPU.Build.0 = Release|Any CPU
	EndGlobalSection
	GlobalSection(SolutionProperties) = preSolution
		HideSolutionNode = FALSE
	EndGlobalSection
	GlobalSection(ExtensibilityGlobals) = postSolution
		SolutionGuid = {09A20C22-4913-418A-8039-48B823A70536}
	EndGlobalSection
EndGlobal
