
Microsoft Visual Studio Solution File, Format Version 12.00
# Visual Studio Version 17
VisualStudioVersion = 17.5.2.0
MinimumVisualStudioVersion = 10.0.40219.1
Project("{FAE04EC0-301F-11D3-BF4B-00C04F79EFBC}") = "notificaçãointerfaces", "notificaçãointerfaces.csproj", "{89F47398-166F-0B96-902D-57AFDCFA5919}"
EndProject
Global
	GlobalSection(SolutionConfigurationPlatforms) = preSolution
		Debug|Any CPU = Debug|Any CPU
		Release|Any CPU = Release|Any CPU
	EndGlobalSection
	GlobalSection(ProjectConfigurationPlatforms) = postSolution
		{89F47398-166F-0B96-902D-57AFDCFA5919}.Debug|Any CPU.ActiveCfg = Debug|Any CPU
		{89F47398-166F-0B96-902D-57AFDCFA5919}.Debug|Any CPU.Build.0 = Debug|Any CPU
		{89F47398-166F-0B96-902D-57AFDCFA5919}.Release|Any CPU.ActiveCfg = Release|Any CPU
		{89F47398-166F-0B96-902D-57AFDCFA5919}.Release|Any CPU.Build.0 = Release|Any CPU
	EndGlobalSection
	GlobalSection(SolutionProperties) = preSolution
		HideSolutionNode = FALSE
	EndGlobalSection
	GlobalSection(ExtensibilityGlobals) = postSolution
		SolutionGuid = {9FC78596-107F-449A-9A7C-9377F23AE8AB}
	EndGlobalSection
EndGlobal
