Microsoft Visual Studio Solution File, Format Version 12.00
# Visual Studio Version 17
VisualStudioVersion = 17.5.2.0
MinimumVisualStudioVersion = 10.0.40219.1
Project("{FAE04EC0-301F-11D3-BF4B-00C04F79EFBC}") = "pagamentosPolimorfismo", "pagamentosPolimorfismo.csproj", "{77F5CDC3-4104-61BB-E9CE-16D9BCF36128}"
EndProject
Global
	GlobalSection(SolutionConfigurationPlatforms) = preSolution
		Debug|Any CPU = Debug|Any CPU
		Release|Any CPU = Release|Any CPU
	EndGlobalSection
	GlobalSection(ProjectConfigurationPlatforms) = postSolution
		{77F5CDC3-4104-61BB-E9CE-16D9BCF36128}.Debug|Any CPU.ActiveCfg = Debug|Any CPU
		{77F5CDC3-4104-61BB-E9CE-16D9BCF36128}.Debug|Any CPU.Build.0 = Debug|Any CPU
		{77F5CDC3-4104-61BB-E9CE-16D9BCF36128}.Release|Any CPU.ActiveCfg = Release|Any CPU
		{77F5CDC3-4104-61BB-E9CE-16D9BCF36128}.Release|Any CPU.Build.0 = Release|Any CPU
	EndGlobalSection
	GlobalSection(SolutionProperties) = preSolution
		HideSolutionNode = FALSE
	EndGlobalSection
	GlobalSection(ExtensibilityGlobals) = postSolution
		SolutionGuid = {D19F4607-0CE5-4FBE-9FD6-21D1EF9381F7}
	EndGlobalSection
EndGlobal
