Microsoft Visual Studio Solution File, Format Version 12.00
# Visual Studio Version 17
VisualStudioVersion = 17.5.2.0
MinimumVisualStudioVersion = 10.0.40219.1
Project("{FAE04EC0-301F-11D3-BF4B-00C04F79EFBC}") = "SistemaE-commerce", "SistemaE-commerce.csproj", "{256D8EAF-7EAE-BF7A-2DB8-F02D1237AD9A}"
EndProject
Global
	GlobalSection(SolutionConfigurationPlatforms) = preSolution
		Debug|Any CPU = Debug|Any CPU
		Release|Any CPU = Release|Any CPU
	EndGlobalSection
	GlobalSection(ProjectConfigurationPlatforms) = postSolution
		{256D8EAF-7EAE-BF7A-2DB8-F02D1237AD9A}.Debug|Any CPU.ActiveCfg = Debug|Any CPU
		{256D8EAF-7EAE-BF7A-2DB8-F02D1237AD9A}.Debug|Any CPU.Build.0 = Debug|Any CPU
		{256D8EAF-7EAE-BF7A-2DB8-F02D1237AD9A}.Release|Any CPU.ActiveCfg = Release|Any CPU
		{256D8EAF-7EAE-BF7A-2DB8-F02D1237AD9A}.Release|Any CPU.Build.0 = Release|Any CPU
	EndGlobalSection
	GlobalSection(SolutionProperties) = preSolution
		HideSolutionNode = FALSE
	EndGlobalSection
	GlobalSection(ExtensibilityGlobals) = postSolution
		SolutionGuid = {D7821008-C560-4647-B374-9591A02A809B}
	EndGlobalSection
EndGlobal
