Microsoft Visual Studio Solution File, Format Version 12.00
# Visual Studio Version 17
VisualStudioVersion = 17.5.2.0
MinimumVisualStudioVersion = 10.0.40219.1
Project("{FAE04EC0-301F-11D3-BF4B-00C04F79EFBC}") = "SistemaRH", "SistemaRH.csproj", "{C10576CA-89D9-C278-C6B8-D847D53ED21C}"
EndProject
Global
	GlobalSection(SolutionConfigurationPlatforms) = preSolution
		Debug|Any CPU = Debug|Any CPU
		Release|Any CPU = Release|Any CPU
	EndGlobalSection
	GlobalSection(ProjectConfigurationPlatforms) = postSolution
		{C10576CA-89D9-C278-C6B8-D847D53ED21C}.Debug|Any CPU.ActiveCfg = Debug|Any CPU
		{C10576CA-89D9-C278-C6B8-D847D53ED21C}.Debug|Any CPU.Build.0 = Debug|Any CPU
		{C10576CA-89D9-C278-C6B8-D847D53ED21C}.Release|Any CPU.ActiveCfg = Release|Any CPU
		{C10576CA-89D9-C278-C6B8-D847D53ED21C}.Release|Any CPU.Build.0 = Release|Any CPU
	EndGlobalSection
	GlobalSection(SolutionProperties) = preSolution
		HideSolutionNode = FALSE
	EndGlobalSection
	GlobalSection(ExtensibilityGlobals) = postSolution
		SolutionGuid = {687B56CE-9D96-46D0-B769-948F6076E605}
	EndGlobalSection
EndGlobal
