Microsoft Visual Studio Solution File, Format Version 12.00
# Visual Studio Version 17
VisualStudioVersion = 17.5.2.0
MinimumVisualStudioVersion = 10.0.40219.1
Project("{FAE04EC0-301F-11D3-BF4B-00C04F79EFBC}") = "SistemaProdutos", "SistemaProdutos.csproj", "{BCF66647-D924-86C7-E7A9-F2423D9D80D5}"
EndProject
Global
	GlobalSection(SolutionConfigurationPlatforms) = preSolution
		Debug|Any CPU = Debug|Any CPU
		Release|Any CPU = Release|Any CPU
	EndGlobalSection
	GlobalSection(ProjectConfigurationPlatforms) = postSolution
		{BCF66647-D924-86C7-E7A9-F2423D9D80D5}.Debug|Any CPU.ActiveCfg = Debug|Any CPU
		{BCF66647-D924-86C7-E7A9-F2423D9D80D5}.Debug|Any CPU.Build.0 = Debug|Any CPU
		{BCF66647-D924-86C7-E7A9-F2423D9D80D5}.Release|Any CPU.ActiveCfg = Release|Any CPU
		{BCF66647-D924-86C7-E7A9-F2423D9D80D5}.Release|Any CPU.Build.0 = Release|Any CPU
	EndGlobalSection
	GlobalSection(SolutionProperties) = preSolution
		HideSolutionNode = FALSE
	EndGlobalSection
	GlobalSection(ExtensibilityGlobals) = postSolution
		SolutionGuid = {E798699A-448D-4433-8A50-71731B0B8DE2}
	EndGlobalSection
EndGlobal
